# THIS IS AN AUTOGENERATED FILE. DO NOT EDIT THIS FILE DIRECTLY.
# yarn lockfile v1


"-@^0.0.1":
  version "0.0.1"
  resolved "https://registry.yarnpkg.com/-/-/--0.0.1.tgz#db6db7cd866142880dd03e5b8781d1b4fac0e5bd"
  integrity sha512-3HfneK3DGAm05fpyj20sT3apkNcvPpCuccOThOPdzz8sY7GgQGe0l93XH9bt+YzibcTIgUAIMoyVJI740RtgyQ==

D@^1.0.0:
  version "1.0.0"
  resolved "https://registry.yarnpkg.com/D/-/D-1.0.0.tgz#c348a4e034f72847be51206fc530fc089e9cc2a9"
  integrity sha512-nQvrCBu7K2pSSEtIM0EEF03FVjcczCXInMt3moLNFbjlWx6bZrX72uT6/1uAXDbnzGUAx9gTyDiQ+vrFi663oA==

husky@^9.1.6:
  version "9.1.6"
  resolved "https://registry.yarnpkg.com/husky/-/husky-9.1.6.tgz#e23aa996b6203ab33534bdc82306b0cf2cb07d6c"
  integrity sha512-sqbjZKK7kf44hfdE94EoX8MZNk0n7HeW37O4YrVGCF4wzgQjp+akPAkfUK5LZ6KuR/6sqeAVuXHji+RzQgOn5A==
